
Microsoft Visual Studio Solution File, Format Version 12.00
# Visual Studio Version 17
VisualStudioVersion = 17.0.31903.59
MinimumVisualStudioVersion = 10.0.40219.1
Project("{2150E333-8FDC-42A3-9474-1A3956D46DE8}") = "src", "src", "{827E0CD3-B72D-47B6-A68D-7590B98EB39B}"
EndProject
Project("{2150E333-8FDC-42A3-9474-1A3956D46DE8}") = "BuildingBlocks", "BuildingBlocks", "{90298CBA-BD6F-3A0A-69D5-97CAD7B05E7E}"
EndProject
Project("{FAE04EC0-301F-11D3-BF4B-00C04F79EFBC}") = "SmartShop.ModuleContracts", "src\BuildingBlocks\SmartShop.ModuleContracts\SmartShop.ModuleContracts.csproj", "{7CE1C4D1-D5D3-48FB-8209-778F9CEA7776}"
EndProject
Project("{FAE04EC0-301F-11D3-BF4B-00C04F79EFBC}") = "SmartShop.SharedKernel", "src\BuildingBlocks\SmartShop.SharedKernel\SmartShop.SharedKernel.csproj", "{39844084-C4B9-41D8-8755-F6B3FD1E7176}"
EndProject
Project("{FAE04EC0-301F-11D3-BF4B-00C04F79EFBC}") = "SmartShop.IntegrationEvents", "src\BuildingBlocks\SmartShop.IntegrationEvents\SmartShop.IntegrationEvents.csproj", "{35C5D352-B2F7-4F9C-BAD2-8F497B730118}"
EndProject
Project("{FAE04EC0-301F-11D3-BF4B-00C04F79EFBC}") = "SmartShop.Messaging.RabbitMq", "src\BuildingBlocks\SmartShop.Messaging.RabbitMq\SmartShop.Messaging.RabbitMq.csproj", "{46D6E463-C308-4FA7-8BD3-9A508C840119}"
EndProject
Project("{FAE04EC0-301F-11D3-BF4B-00C04F79EFBC}") = "SmartShop.Web", "src\BuildingBlocks\SmartShop.Web\SmartShop.Web.csproj", "{56D6E463-C308-4FA7-8BD3-9A508C840119}"
EndProject
Project("{2150E333-8FDC-42A3-9474-1A3956D46DE8}") = "Modules", "Modules", "{EC447DCF-ABFA-6E24-52A5-D7FD48A5C558}"
EndProject
Project("{2150E333-8FDC-42A3-9474-1A3956D46DE8}") = "AiSearch", "AiSearch", "{FC1241EE-05BC-A834-C4D6-CF23B2CE0BA3}"
EndProject
Project("{2150E333-8FDC-42A3-9474-1A3956D46DE8}") = "01.Core", "01.Core", "{4D3B1669-375F-9313-0BDE-538A9A0E54FF}"
EndProject
Project("{FAE04EC0-301F-11D3-BF4B-00C04F79EFBC}") = "SmartShop.AiSearch.Core.Application", "src\Modules\AiSearch\01.Core\SmartShop.AiSearch.Core.Application\SmartShop.AiSearch.Core.Application.csproj", "{4342FE8C-20DE-4881-BFA7-8A42D75B8143}"
EndProject
Project("{FAE04EC0-301F-11D3-BF4B-00C04F79EFBC}") = "SmartShop.AiSearch.Core.Domain", "src\Modules\AiSearch\01.Core\SmartShop.AiSearch.Core.Domain\SmartShop.AiSearch.Core.Domain.csproj", "{64C7A262-C407-4F5D-9F2C-206AD48CAC3C}"
EndProject
Project("{2150E333-8FDC-42A3-9474-1A3956D46DE8}") = "02.Infra", "02.Infra", "{A3429D16-94F9-550C-9BF7-6EFC15C51BB5}"
EndProject
Project("{FAE04EC0-301F-11D3-BF4B-00C04F79EFBC}") = "SmartShop.AiSearch.Infra.Data", "src\Modules\AiSearch\02.Infra\SmartShop.AiSearch.Infra.Data\SmartShop.AiSearch.Infra.Data.csproj", "{5DEA45A2-2679-446C-B779-FD7A9FBC9A63}"
EndProject
Project("{FAE04EC0-301F-11D3-BF4B-00C04F79EFBC}") = "SmartShop.AiSearch.Infra.OpenAI", "src\Modules\AiSearch\02.Infra\SmartShop.AiSearch.Infra.OpenAI\SmartShop.AiSearch.Infra.OpenAI.csproj", "{BAD49064-7FC9-402F-BCC2-737228285E9A}"
EndProject
Project("{FAE04EC0-301F-11D3-BF4B-00C04F79EFBC}") = "SmartShop.AiSearch.Infra.Qdrant", "src\Modules\AiSearch\02.Infra\SmartShop.AiSearch.Infra.Qdrant\SmartShop.AiSearch.Infra.Qdrant.csproj", "{E1F1D38E-4DA4-46AC-99B8-8CA45F5C3434}"
EndProject
Project("{2150E333-8FDC-42A3-9474-1A3956D46DE8}") = "03.Endpoints", "03.Endpoints", "{96A2ED62-40B2-0097-1C0D-E658DBFC8105}"
EndProject
Project("{FAE04EC0-301F-11D3-BF4B-00C04F79EFBC}") = "SmartShop.AiSearch.Endpoints", "src\Modules\AiSearch\03.Endpoints\SmartShop.AiSearch.Endpoints\SmartShop.AiSearch.Endpoints.csproj", "{0431B829-848C-4B64-A086-58760332F6A6}"
EndProject
Project("{2150E333-8FDC-42A3-9474-1A3956D46DE8}") = "Catalog", "Catalog", "{1E1EF545-4C18-AEE2-B997-7EF431518D3F}"
EndProject
Project("{2150E333-8FDC-42A3-9474-1A3956D46DE8}") = "01.Core", "01.Core", "{3C15B00A-3336-86F7-C1F9-9587391846ED}"
EndProject
Project("{FAE04EC0-301F-11D3-BF4B-00C04F79EFBC}") = "SmartShop.Catalog.Core.Application", "src\Modules\Catalog\01.Core\SmartShop.Catalog.Core.Application\SmartShop.Catalog.Core.Application.csproj", "{30D510A4-760A-46CC-83EA-A8E0ECDB258C}"
EndProject
Project("{FAE04EC0-301F-11D3-BF4B-00C04F79EFBC}") = "SmartShop.Catalog.Core.Domain", "src\Modules\Catalog\01.Core\SmartShop.Catalog.Core.Domain\SmartShop.Catalog.Core.Domain.csproj", "{93A4CB51-1101-4693-A064-FFEB3C5DAD79}"
EndProject
Project("{2150E333-8FDC-42A3-9474-1A3956D46DE8}") = "02.Infra", "02.Infra", "{5D2A3554-A419-883D-F529-22A9BA4E4E59}"
EndProject
Project("{FAE04EC0-301F-11D3-BF4B-00C04F79EFBC}") = "SmartShop.Catalog.Infra.Data", "src\Modules\Catalog\02.Infra\SmartShop.Catalog.Infra.Data\SmartShop.Catalog.Infra.Data.csproj", "{C0102B98-5748-4A7A-8E58-5D3AF02D5C35}"
EndProject
Project("{2150E333-8FDC-42A3-9474-1A3956D46DE8}") = "03.Endpoints", "03.Endpoints", "{61A5EFF2-4D12-1D34-5E80-72D77D91C4D3}"
EndProject
Project("{FAE04EC0-301F-11D3-BF4B-00C04F79EFBC}") = "SmartShop.Catalog.Endpoints", "src\Modules\Catalog\03.Endpoints\SmartShop.Catalog.Endpoints\SmartShop.Catalog.Endpoints.csproj", "{99596EC5-2167-469D-8ABE-2742492820AE}"
EndProject
Project("{2150E333-8FDC-42A3-9474-1A3956D46DE8}") = "Ordering", "Ordering", "{1652FDBE-FD70-10D2-8806-7EAA51A58284}"
EndProject
Project("{2150E333-8FDC-42A3-9474-1A3956D46DE8}") = "01.Core", "01.Core", "{F60B531D-8382-D38D-7FFF-81F3FFB3C6EB}"
EndProject
Project("{FAE04EC0-301F-11D3-BF4B-00C04F79EFBC}") = "SmartShop.Ordering.Core.Application", "src\Modules\Ordering\01.Core\SmartShop.Ordering.Core.Application\SmartShop.Ordering.Core.Application.csproj", "{1C93C32A-176C-42D4-9985-B0C2315E1790}"
EndProject
Project("{FAE04EC0-301F-11D3-BF4B-00C04F79EFBC}") = "SmartShop.Ordering.Core.Domain", "src\Modules\Ordering\01.Core\SmartShop.Ordering.Core.Domain\SmartShop.Ordering.Core.Domain.csproj", "{AEDA72A4-A588-45A7-B741-0810FC64E083}"
EndProject
Project("{2150E333-8FDC-42A3-9474-1A3956D46DE8}") = "02.Infra", "02.Infra", "{4C22196C-A124-B67D-4FFA-0B1295660F8A}"
EndProject
Project("{FAE04EC0-301F-11D3-BF4B-00C04F79EFBC}") = "SmartShop.Ordering.Infra.Data", "src\Modules\Ordering\02.Infra\SmartShop.Ordering.Infra.Data\SmartShop.Ordering.Infra.Data.csproj", "{777F9AA2-CF7E-4557-9014-38EBE910D868}"
EndProject
Project("{2150E333-8FDC-42A3-9474-1A3956D46DE8}") = "03.Endpoints", "03.Endpoints", "{90B6E14C-48C4-BE32-2E4C-53A2D929F5E4}"
EndProject
Project("{FAE04EC0-301F-11D3-BF4B-00C04F79EFBC}") = "SmartShop.Ordering.Endpoints", "src\Modules\Ordering\03.Endpoints\SmartShop.Ordering.Endpoints\SmartShop.Ordering.Endpoints.csproj", "{BA2F5B57-0497-4724-828D-D3CF6AEA2F86}"
EndProject
Project("{2150E333-8FDC-42A3-9474-1A3956D46DE8}") = "Payments", "Payments", "{3482A603-7AEB-377F-9DA5-9757A465DBE8}"
EndProject
Project("{2150E333-8FDC-42A3-9474-1A3956D46DE8}") = "01.Core", "01.Core", "{66FB750D-4D9E-A118-1DDF-FD37474F0E17}"
EndProject
Project("{FAE04EC0-301F-11D3-BF4B-00C04F79EFBC}") = "SmartShop.Payments.Core.Application", "src\Modules\Payments\01.Core\SmartShop.Payments.Core.Application\SmartShop.Payments.Core.Application.csproj", "{F992BFB1-9375-4EC4-819A-0A25550B177A}"
EndProject
Project("{FAE04EC0-301F-11D3-BF4B-00C04F79EFBC}") = "SmartShop.Payments.Core.Domain", "src\Modules\Payments\01.Core\SmartShop.Payments.Core.Domain\SmartShop.Payments.Core.Domain.csproj", "{587B2401-F6D8-40F1-A4C4-93F5EF71B55A}"
EndProject
Project("{2150E333-8FDC-42A3-9474-1A3956D46DE8}") = "02.Infra", "02.Infra", "{36B022D3-EF59-C00C-DD97-84DF89ECA623}"
EndProject
Project("{FAE04EC0-301F-11D3-BF4B-00C04F79EFBC}") = "SmartShop.Payments.Infra.Data", "src\Modules\Payments\02.Infra\SmartShop.Payments.Infra.Data\SmartShop.Payments.Infra.Data.csproj", "{8DCE312E-FEF8-4740-843C-76C4F83EDCE4}"
EndProject
Project("{2150E333-8FDC-42A3-9474-1A3956D46DE8}") = "03.Endpoints", "03.Endpoints", "{10BE9350-2E4A-2458-7515-7C2BA8B0D8F2}"
EndProject
Project("{FAE04EC0-301F-11D3-BF4B-00C04F79EFBC}") = "SmartShop.Payments.Endpoints", "src\Modules\Payments\03.Endpoints\SmartShop.Payments.Endpoints\SmartShop.Payments.Endpoints.csproj", "{ED01349B-246A-490F-9ECB-CACC2BEAFB9C}"
EndProject
Project("{FAE04EC0-301F-11D3-BF4B-00C04F79EFBC}") = "SmartShop.Api", "src\SmartShop.Api\SmartShop.Api.csproj", "{C7DDA7F9-12F9-42BD-AB70-724030218E64}"
EndProject
Project("{2150E333-8FDC-42A3-9474-1A3956D46DE8}") = "Services", "Services", "{D6B60970-63B3-4FA9-9BA0-CBE65B00A101}"
EndProject
Project("{2150E333-8FDC-42A3-9474-1A3956D46DE8}") = "Loyalty", "Loyalty", "{21A5FA11-6B3B-46F4-860F-6391F73C0A12}"
EndProject
Project("{FAE04EC0-301F-11D3-BF4B-00C04F79EFBC}") = "SmartShop.Loyalty.Core.Domain", "src\Services\Loyalty\SmartShop.Loyalty.Core.Domain\SmartShop.Loyalty.Core.Domain.csproj", "{E00E7DF3-0282-4C31-A706-84E7C5960113}"
EndProject
Project("{FAE04EC0-301F-11D3-BF4B-00C04F79EFBC}") = "SmartShop.Loyalty.Core.Application", "src\Services\Loyalty\SmartShop.Loyalty.Core.Application\SmartShop.Loyalty.Core.Application.csproj", "{F1D1F75E-5E66-4FB1-9CD6-B64C28C20114}"
EndProject
Project("{FAE04EC0-301F-11D3-BF4B-00C04F79EFBC}") = "SmartShop.Loyalty.Infra.Data", "src\Services\Loyalty\SmartShop.Loyalty.Infra.Data\SmartShop.Loyalty.Infra.Data.csproj", "{02F2A02F-C8CC-4BB7-8AC8-841AF6380115}"
EndProject
Project("{FAE04EC0-301F-11D3-BF4B-00C04F79EFBC}") = "SmartShop.Loyalty.Api", "src\Services\Loyalty\SmartShop.Loyalty.Api\SmartShop.Loyalty.Api.csproj", "{13A3B130-1696-49E7-91D4-95E12E220116}"
EndProject
Project("{2150E333-8FDC-42A3-9474-1A3956D46DE8}") = "Payments", "Payments", "{31A5FA11-6B3B-46F4-860F-6391F73C0A12}"
EndProject
Project("{FAE04EC0-301F-11D3-BF4B-00C04F79EFBC}") = "SmartShop.Payments.Api", "src\Services\Payments\SmartShop.Payments.Api\SmartShop.Payments.Api.csproj", "{14A3B130-1696-49E7-91D4-95E12E220116}"
EndProject
Project("{FAE04EC0-301F-11D3-BF4B-00C04F79EFBC}") = "SmartShop.Gateway", "src\Gateway\SmartShop.Gateway\SmartShop.Gateway.csproj", "{15A3B130-1696-49E7-91D4-95E12E220116}"
EndProject
Project("{2150E333-8FDC-42A3-9474-1A3956D46DE8}") = "tests", "tests", "{0AB3BF05-4346-4AA6-1389-037BE0695223}"
EndProject
Project("{FAE04EC0-301F-11D3-BF4B-00C04F79EFBC}") = "SmartShop.ArchitectureTests", "tests\SmartShop.ArchitectureTests\SmartShop.ArchitectureTests.csproj", "{4AFDAC3D-9762-42AC-88FD-A4BE329B1472}"
EndProject
Project("{FAE04EC0-301F-11D3-BF4B-00C04F79EFBC}") = "SmartShop.IntegrationTests", "tests\SmartShop.IntegrationTests\SmartShop.IntegrationTests.csproj", "{39BE9E30-0E43-42F2-ACA7-9A6668AFF7F6}"
EndProject
Project("{FAE04EC0-301F-11D3-BF4B-00C04F79EFBC}") = "SmartShop.Loyalty.UnitTests", "tests\SmartShop.Loyalty.UnitTests\SmartShop.Loyalty.UnitTests.csproj", "{24B4C241-A1F6-4574-A9C1-7E385B620117}"
EndProject
Project("{FAE04EC0-301F-11D3-BF4B-00C04F79EFBC}") = "SmartShop.Ordering.UnitTests", "tests\SmartShop.Ordering.UnitTests\SmartShop.Ordering.UnitTests.csproj", "{25B4C241-A1F6-4574-A9C1-7E385B620117}"
EndProject
Global
	GlobalSection(SolutionConfigurationPlatforms) = preSolution
		Debug|Any CPU = Debug|Any CPU
		Debug|x64 = Debug|x64
		Debug|x86 = Debug|x86
		Release|Any CPU = Release|Any CPU
		Release|x64 = Release|x64
		Release|x86 = Release|x86
	EndGlobalSection
	GlobalSection(ProjectConfigurationPlatforms) = postSolution
		{7CE1C4D1-D5D3-48FB-8209-778F9CEA7776}.Debug|Any CPU.ActiveCfg = Debug|Any CPU
		{7CE1C4D1-D5D3-48FB-8209-778F9CEA7776}.Debug|Any CPU.Build.0 = Debug|Any CPU
		{7CE1C4D1-D5D3-48FB-8209-778F9CEA7776}.Debug|x64.ActiveCfg = Debug|Any CPU
		{7CE1C4D1-D5D3-48FB-8209-778F9CEA7776}.Debug|x64.Build.0 = Debug|Any CPU
		{7CE1C4D1-D5D3-48FB-8209-778F9CEA7776}.Debug|x86.ActiveCfg = Debug|Any CPU
		{7CE1C4D1-D5D3-48FB-8209-778F9CEA7776}.Debug|x86.Build.0 = Debug|Any CPU
		{7CE1C4D1-D5D3-48FB-8209-778F9CEA7776}.Release|Any CPU.ActiveCfg = Release|Any CPU
		{7CE1C4D1-D5D3-48FB-8209-778F9CEA7776}.Release|Any CPU.Build.0 = Release|Any CPU
		{7CE1C4D1-D5D3-48FB-8209-778F9CEA7776}.Release|x64.ActiveCfg = Release|Any CPU
		{7CE1C4D1-D5D3-48FB-8209-778F9CEA7776}.Release|x64.Build.0 = Release|Any CPU
		{7CE1C4D1-D5D3-48FB-8209-778F9CEA7776}.Release|x86.ActiveCfg = Release|Any CPU
		{7CE1C4D1-D5D3-48FB-8209-778F9CEA7776}.Release|x86.Build.0 = Release|Any CPU
		{39844084-C4B9-41D8-8755-F6B3FD1E7176}.Debug|Any CPU.ActiveCfg = Debug|Any CPU
		{39844084-C4B9-41D8-8755-F6B3FD1E7176}.Debug|Any CPU.Build.0 = Debug|Any CPU
		{39844084-C4B9-41D8-8755-F6B3FD1E7176}.Debug|x64.ActiveCfg = Debug|Any CPU
		{39844084-C4B9-41D8-8755-F6B3FD1E7176}.Debug|x64.Build.0 = Debug|Any CPU
		{39844084-C4B9-41D8-8755-F6B3FD1E7176}.Debug|x86.ActiveCfg = Debug|Any CPU
		{39844084-C4B9-41D8-8755-F6B3FD1E7176}.Debug|x86.Build.0 = Debug|Any CPU
		{39844084-C4B9-41D8-8755-F6B3FD1E7176}.Release|Any CPU.ActiveCfg = Release|Any CPU
		{39844084-C4B9-41D8-8755-F6B3FD1E7176}.Release|Any CPU.Build.0 = Release|Any CPU
		{39844084-C4B9-41D8-8755-F6B3FD1E7176}.Release|x64.ActiveCfg = Release|Any CPU
		{39844084-C4B9-41D8-8755-F6B3FD1E7176}.Release|x64.Build.0 = Release|Any CPU
		{39844084-C4B9-41D8-8755-F6B3FD1E7176}.Release|x86.ActiveCfg = Release|Any CPU
		{39844084-C4B9-41D8-8755-F6B3FD1E7176}.Release|x86.Build.0 = Release|Any CPU
		{4342FE8C-20DE-4881-BFA7-8A42D75B8143}.Debug|Any CPU.ActiveCfg = Debug|Any CPU
		{4342FE8C-20DE-4881-BFA7-8A42D75B8143}.Debug|Any CPU.Build.0 = Debug|Any CPU
		{4342FE8C-20DE-4881-BFA7-8A42D75B8143}.Debug|x64.ActiveCfg = Debug|Any CPU
		{4342FE8C-20DE-4881-BFA7-8A42D75B8143}.Debug|x64.Build.0 = Debug|Any CPU
		{4342FE8C-20DE-4881-BFA7-8A42D75B8143}.Debug|x86.ActiveCfg = Debug|Any CPU
		{4342FE8C-20DE-4881-BFA7-8A42D75B8143}.Debug|x86.Build.0 = Debug|Any CPU
		{4342FE8C-20DE-4881-BFA7-8A42D75B8143}.Release|Any CPU.ActiveCfg = Release|Any CPU
		{4342FE8C-20DE-4881-BFA7-8A42D75B8143}.Release|Any CPU.Build.0 = Release|Any CPU
		{4342FE8C-20DE-4881-BFA7-8A42D75B8143}.Release|x64.ActiveCfg = Release|Any CPU
		{4342FE8C-20DE-4881-BFA7-8A42D75B8143}.Release|x64.Build.0 = Release|Any CPU
		{4342FE8C-20DE-4881-BFA7-8A42D75B8143}.Release|x86.ActiveCfg = Release|Any CPU
		{4342FE8C-20DE-4881-BFA7-8A42D75B8143}.Release|x86.Build.0 = Release|Any CPU
		{64C7A262-C407-4F5D-9F2C-206AD48CAC3C}.Debug|Any CPU.ActiveCfg = Debug|Any CPU
		{64C7A262-C407-4F5D-9F2C-206AD48CAC3C}.Debug|Any CPU.Build.0 = Debug|Any CPU
		{64C7A262-C407-4F5D-9F2C-206AD48CAC3C}.Debug|x64.ActiveCfg = Debug|Any CPU
		{64C7A262-C407-4F5D-9F2C-206AD48CAC3C}.Debug|x64.Build.0 = Debug|Any CPU
		{64C7A262-C407-4F5D-9F2C-206AD48CAC3C}.Debug|x86.ActiveCfg = Debug|Any CPU
		{64C7A262-C407-4F5D-9F2C-206AD48CAC3C}.Debug|x86.Build.0 = Debug|Any CPU
		{64C7A262-C407-4F5D-9F2C-206AD48CAC3C}.Release|Any CPU.ActiveCfg = Release|Any CPU
		{64C7A262-C407-4F5D-9F2C-206AD48CAC3C}.Release|Any CPU.Build.0 = Release|Any CPU
		{64C7A262-C407-4F5D-9F2C-206AD48CAC3C}.Release|x64.ActiveCfg = Release|Any CPU
		{64C7A262-C407-4F5D-9F2C-206AD48CAC3C}.Release|x64.Build.0 = Release|Any CPU
		{64C7A262-C407-4F5D-9F2C-206AD48CAC3C}.Release|x86.ActiveCfg = Release|Any CPU
		{64C7A262-C407-4F5D-9F2C-206AD48CAC3C}.Release|x86.Build.0 = Release|Any CPU
		{5DEA45A2-2679-446C-B779-FD7A9FBC9A63}.Debug|Any CPU.ActiveCfg = Debug|Any CPU
		{5DEA45A2-2679-446C-B779-FD7A9FBC9A63}.Debug|Any CPU.Build.0 = Debug|Any CPU
		{5DEA45A2-2679-446C-B779-FD7A9FBC9A63}.Debug|x64.ActiveCfg = Debug|Any CPU
		{5DEA45A2-2679-446C-B779-FD7A9FBC9A63}.Debug|x64.Build.0 = Debug|Any CPU
		{5DEA45A2-2679-446C-B779-FD7A9FBC9A63}.Debug|x86.ActiveCfg = Debug|Any CPU
		{5DEA45A2-2679-446C-B779-FD7A9FBC9A63}.Debug|x86.Build.0 = Debug|Any CPU
		{5DEA45A2-2679-446C-B779-FD7A9FBC9A63}.Release|Any CPU.ActiveCfg = Release|Any CPU
		{5DEA45A2-2679-446C-B779-FD7A9FBC9A63}.Release|Any CPU.Build.0 = Release|Any CPU
		{5DEA45A2-2679-446C-B779-FD7A9FBC9A63}.Release|x64.ActiveCfg = Release|Any CPU
		{5DEA45A2-2679-446C-B779-FD7A9FBC9A63}.Release|x64.Build.0 = Release|Any CPU
		{5DEA45A2-2679-446C-B779-FD7A9FBC9A63}.Release|x86.ActiveCfg = Release|Any CPU
		{5DEA45A2-2679-446C-B779-FD7A9FBC9A63}.Release|x86.Build.0 = Release|Any CPU
		{BAD49064-7FC9-402F-BCC2-737228285E9A}.Debug|Any CPU.ActiveCfg = Debug|Any CPU
		{BAD49064-7FC9-402F-BCC2-737228285E9A}.Debug|Any CPU.Build.0 = Debug|Any CPU
		{BAD49064-7FC9-402F-BCC2-737228285E9A}.Debug|x64.ActiveCfg = Debug|Any CPU
		{BAD49064-7FC9-402F-BCC2-737228285E9A}.Debug|x64.Build.0 = Debug|Any CPU
		{BAD49064-7FC9-402F-BCC2-737228285E9A}.Debug|x86.ActiveCfg = Debug|Any CPU
		{BAD49064-7FC9-402F-BCC2-737228285E9A}.Debug|x86.Build.0 = Debug|Any CPU
		{BAD49064-7FC9-402F-BCC2-737228285E9A}.Release|Any CPU.ActiveCfg = Release|Any CPU
		{BAD49064-7FC9-402F-BCC2-737228285E9A}.Release|Any CPU.Build.0 = Release|Any CPU
		{BAD49064-7FC9-402F-BCC2-737228285E9A}.Release|x64.ActiveCfg = Release|Any CPU
		{BAD49064-7FC9-402F-BCC2-737228285E9A}.Release|x64.Build.0 = Release|Any CPU
		{BAD49064-7FC9-402F-BCC2-737228285E9A}.Release|x86.ActiveCfg = Release|Any CPU
		{BAD49064-7FC9-402F-BCC2-737228285E9A}.Release|x86.Build.0 = Release|Any CPU
		{E1F1D38E-4DA4-46AC-99B8-8CA45F5C3434}.Debug|Any CPU.ActiveCfg = Debug|Any CPU
		{E1F1D38E-4DA4-46AC-99B8-8CA45F5C3434}.Debug|Any CPU.Build.0 = Debug|Any CPU
		{E1F1D38E-4DA4-46AC-99B8-8CA45F5C3434}.Debug|x64.ActiveCfg = Debug|Any CPU
		{E1F1D38E-4DA4-46AC-99B8-8CA45F5C3434}.Debug|x64.Build.0 = Debug|Any CPU
		{E1F1D38E-4DA4-46AC-99B8-8CA45F5C3434}.Debug|x86.ActiveCfg = Debug|Any CPU
		{E1F1D38E-4DA4-46AC-99B8-8CA45F5C3434}.Debug|x86.Build.0 = Debug|Any CPU
		{E1F1D38E-4DA4-46AC-99B8-8CA45F5C3434}.Release|Any CPU.ActiveCfg = Release|Any CPU
		{E1F1D38E-4DA4-46AC-99B8-8CA45F5C3434}.Release|Any CPU.Build.0 = Release|Any CPU
		{E1F1D38E-4DA4-46AC-99B8-8CA45F5C3434}.Release|x64.ActiveCfg = Release|Any CPU
		{E1F1D38E-4DA4-46AC-99B8-8CA45F5C3434}.Release|x64.Build.0 = Release|Any CPU
		{E1F1D38E-4DA4-46AC-99B8-8CA45F5C3434}.Release|x86.ActiveCfg = Release|Any CPU
		{E1F1D38E-4DA4-46AC-99B8-8CA45F5C3434}.Release|x86.Build.0 = Release|Any CPU
		{0431B829-848C-4B64-A086-58760332F6A6}.Debug|Any CPU.ActiveCfg = Debug|Any CPU
		{0431B829-848C-4B64-A086-58760332F6A6}.Debug|Any CPU.Build.0 = Debug|Any CPU
		{0431B829-848C-4B64-A086-58760332F6A6}.Debug|x64.ActiveCfg = Debug|Any CPU
		{0431B829-848C-4B64-A086-58760332F6A6}.Debug|x64.Build.0 = Debug|Any CPU
		{0431B829-848C-4B64-A086-58760332F6A6}.Debug|x86.ActiveCfg = Debug|Any CPU
		{0431B829-848C-4B64-A086-58760332F6A6}.Debug|x86.Build.0 = Debug|Any CPU
		{0431B829-848C-4B64-A086-58760332F6A6}.Release|Any CPU.ActiveCfg = Release|Any CPU
		{0431B829-848C-4B64-A086-58760332F6A6}.Release|Any CPU.Build.0 = Release|Any CPU
		{0431B829-848C-4B64-A086-58760332F6A6}.Release|x64.ActiveCfg = Release|Any CPU
		{0431B829-848C-4B64-A086-58760332F6A6}.Release|x64.Build.0 = Release|Any CPU
		{0431B829-848C-4B64-A086-58760332F6A6}.Release|x86.ActiveCfg = Release|Any CPU
		{0431B829-848C-4B64-A086-58760332F6A6}.Release|x86.Build.0 = Release|Any CPU
		{30D510A4-760A-46CC-83EA-A8E0ECDB258C}.Debug|Any CPU.ActiveCfg = Debug|Any CPU
		{30D510A4-760A-46CC-83EA-A8E0ECDB258C}.Debug|Any CPU.Build.0 = Debug|Any CPU
		{30D510A4-760A-46CC-83EA-A8E0ECDB258C}.Debug|x64.ActiveCfg = Debug|Any CPU
		{30D510A4-760A-46CC-83EA-A8E0ECDB258C}.Debug|x64.Build.0 = Debug|Any CPU
		{30D510A4-760A-46CC-83EA-A8E0ECDB258C}.Debug|x86.ActiveCfg = Debug|Any CPU
		{30D510A4-760A-46CC-83EA-A8E0ECDB258C}.Debug|x86.Build.0 = Debug|Any CPU
		{30D510A4-760A-46CC-83EA-A8E0ECDB258C}.Release|Any CPU.ActiveCfg = Release|Any CPU
		{30D510A4-760A-46CC-83EA-A8E0ECDB258C}.Release|Any CPU.Build.0 = Release|Any CPU
		{30D510A4-760A-46CC-83EA-A8E0ECDB258C}.Release|x64.ActiveCfg = Release|Any CPU
		{30D510A4-760A-46CC-83EA-A8E0ECDB258C}.Release|x64.Build.0 = Release|Any CPU
		{30D510A4-760A-46CC-83EA-A8E0ECDB258C}.Release|x86.ActiveCfg = Release|Any CPU
		{30D510A4-760A-46CC-83EA-A8E0ECDB258C}.Release|x86.Build.0 = Release|Any CPU
		{93A4CB51-1101-4693-A064-FFEB3C5DAD79}.Debug|Any CPU.ActiveCfg = Debug|Any CPU
		{93A4CB51-1101-4693-A064-FFEB3C5DAD79}.Debug|Any CPU.Build.0 = Debug|Any CPU
		{93A4CB51-1101-4693-A064-FFEB3C5DAD79}.Debug|x64.ActiveCfg = Debug|Any CPU
		{93A4CB51-1101-4693-A064-FFEB3C5DAD79}.Debug|x64.Build.0 = Debug|Any CPU
		{93A4CB51-1101-4693-A064-FFEB3C5DAD79}.Debug|x86.ActiveCfg = Debug|Any CPU
		{93A4CB51-1101-4693-A064-FFEB3C5DAD79}.Debug|x86.Build.0 = Debug|Any CPU
		{93A4CB51-1101-4693-A064-FFEB3C5DAD79}.Release|Any CPU.ActiveCfg = Release|Any CPU
		{93A4CB51-1101-4693-A064-FFEB3C5DAD79}.Release|Any CPU.Build.0 = Release|Any CPU
		{93A4CB51-1101-4693-A064-FFEB3C5DAD79}.Release|x64.ActiveCfg = Release|Any CPU
		{93A4CB51-1101-4693-A064-FFEB3C5DAD79}.Release|x64.Build.0 = Release|Any CPU
		{93A4CB51-1101-4693-A064-FFEB3C5DAD79}.Release|x86.ActiveCfg = Release|Any CPU
		{93A4CB51-1101-4693-A064-FFEB3C5DAD79}.Release|x86.Build.0 = Release|Any CPU
		{C0102B98-5748-4A7A-8E58-5D3AF02D5C35}.Debug|Any CPU.ActiveCfg = Debug|Any CPU
		{C0102B98-5748-4A7A-8E58-5D3AF02D5C35}.Debug|Any CPU.Build.0 = Debug|Any CPU
		{C0102B98-5748-4A7A-8E58-5D3AF02D5C35}.Debug|x64.ActiveCfg = Debug|Any CPU
		{C0102B98-5748-4A7A-8E58-5D3AF02D5C35}.Debug|x64.Build.0 = Debug|Any CPU
		{C0102B98-5748-4A7A-8E58-5D3AF02D5C35}.Debug|x86.ActiveCfg = Debug|Any CPU
		{C0102B98-5748-4A7A-8E58-5D3AF02D5C35}.Debug|x86.Build.0 = Debug|Any CPU
		{C0102B98-5748-4A7A-8E58-5D3AF02D5C35}.Release|Any CPU.ActiveCfg = Release|Any CPU
		{C0102B98-5748-4A7A-8E58-5D3AF02D5C35}.Release|Any CPU.Build.0 = Release|Any CPU
		{C0102B98-5748-4A7A-8E58-5D3AF02D5C35}.Release|x64.ActiveCfg = Release|Any CPU
		{C0102B98-5748-4A7A-8E58-5D3AF02D5C35}.Release|x64.Build.0 = Release|Any CPU
		{C0102B98-5748-4A7A-8E58-5D3AF02D5C35}.Release|x86.ActiveCfg = Release|Any CPU
		{C0102B98-5748-4A7A-8E58-5D3AF02D5C35}.Release|x86.Build.0 = Release|Any CPU
		{99596EC5-2167-469D-8ABE-2742492820AE}.Debug|Any CPU.ActiveCfg = Debug|Any CPU
		{99596EC5-2167-469D-8ABE-2742492820AE}.Debug|Any CPU.Build.0 = Debug|Any CPU
		{99596EC5-2167-469D-8ABE-2742492820AE}.Debug|x64.ActiveCfg = Debug|Any CPU
		{99596EC5-2167-469D-8ABE-2742492820AE}.Debug|x64.Build.0 = Debug|Any CPU
		{99596EC5-2167-469D-8ABE-2742492820AE}.Debug|x86.ActiveCfg = Debug|Any CPU
		{99596EC5-2167-469D-8ABE-2742492820AE}.Debug|x86.Build.0 = Debug|Any CPU
		{99596EC5-2167-469D-8ABE-2742492820AE}.Release|Any CPU.ActiveCfg = Release|Any CPU
		{99596EC5-2167-469D-8ABE-2742492820AE}.Release|Any CPU.Build.0 = Release|Any CPU
		{99596EC5-2167-469D-8ABE-2742492820AE}.Release|x64.ActiveCfg = Release|Any CPU
		{99596EC5-2167-469D-8ABE-2742492820AE}.Release|x64.Build.0 = Release|Any CPU
		{99596EC5-2167-469D-8ABE-2742492820AE}.Release|x86.ActiveCfg = Release|Any CPU
		{99596EC5-2167-469D-8ABE-2742492820AE}.Release|x86.Build.0 = Release|Any CPU
		{1C93C32A-176C-42D4-9985-B0C2315E1790}.Debug|Any CPU.ActiveCfg = Debug|Any CPU
		{1C93C32A-176C-42D4-9985-B0C2315E1790}.Debug|Any CPU.Build.0 = Debug|Any CPU
		{1C93C32A-176C-42D4-9985-B0C2315E1790}.Debug|x64.ActiveCfg = Debug|Any CPU
		{1C93C32A-176C-42D4-9985-B0C2315E1790}.Debug|x64.Build.0 = Debug|Any CPU
		{1C93C32A-176C-42D4-9985-B0C2315E1790}.Debug|x86.ActiveCfg = Debug|Any CPU
		{1C93C32A-176C-42D4-9985-B0C2315E1790}.Debug|x86.Build.0 = Debug|Any CPU
		{1C93C32A-176C-42D4-9985-B0C2315E1790}.Release|Any CPU.ActiveCfg = Release|Any CPU
		{1C93C32A-176C-42D4-9985-B0C2315E1790}.Release|Any CPU.Build.0 = Release|Any CPU
		{1C93C32A-176C-42D4-9985-B0C2315E1790}.Release|x64.ActiveCfg = Release|Any CPU
		{1C93C32A-176C-42D4-9985-B0C2315E1790}.Release|x64.Build.0 = Release|Any CPU
		{1C93C32A-176C-42D4-9985-B0C2315E1790}.Release|x86.ActiveCfg = Release|Any CPU
		{1C93C32A-176C-42D4-9985-B0C2315E1790}.Release|x86.Build.0 = Release|Any CPU
		{AEDA72A4-A588-45A7-B741-0810FC64E083}.Debug|Any CPU.ActiveCfg = Debug|Any CPU
		{AEDA72A4-A588-45A7-B741-0810FC64E083}.Debug|Any CPU.Build.0 = Debug|Any CPU
		{AEDA72A4-A588-45A7-B741-0810FC64E083}.Debug|x64.ActiveCfg = Debug|Any CPU
		{AEDA72A4-A588-45A7-B741-0810FC64E083}.Debug|x64.Build.0 = Debug|Any CPU
		{AEDA72A4-A588-45A7-B741-0810FC64E083}.Debug|x86.ActiveCfg = Debug|Any CPU
		{AEDA72A4-A588-45A7-B741-0810FC64E083}.Debug|x86.Build.0 = Debug|Any CPU
		{AEDA72A4-A588-45A7-B741-0810FC64E083}.Release|Any CPU.ActiveCfg = Release|Any CPU
		{AEDA72A4-A588-45A7-B741-0810FC64E083}.Release|Any CPU.Build.0 = Release|Any CPU
		{AEDA72A4-A588-45A7-B741-0810FC64E083}.Release|x64.ActiveCfg = Release|Any CPU
		{AEDA72A4-A588-45A7-B741-0810FC64E083}.Release|x64.Build.0 = Release|Any CPU
		{AEDA72A4-A588-45A7-B741-0810FC64E083}.Release|x86.ActiveCfg = Release|Any CPU
		{AEDA72A4-A588-45A7-B741-0810FC64E083}.Release|x86.Build.0 = Release|Any CPU
		{777F9AA2-CF7E-4557-9014-38EBE910D868}.Debug|Any CPU.ActiveCfg = Debug|Any CPU
		{777F9AA2-CF7E-4557-9014-38EBE910D868}.Debug|Any CPU.Build.0 = Debug|Any CPU
		{777F9AA2-CF7E-4557-9014-38EBE910D868}.Debug|x64.ActiveCfg = Debug|Any CPU
		{777F9AA2-CF7E-4557-9014-38EBE910D868}.Debug|x64.Build.0 = Debug|Any CPU
		{777F9AA2-CF7E-4557-9014-38EBE910D868}.Debug|x86.ActiveCfg = Debug|Any CPU
		{777F9AA2-CF7E-4557-9014-38EBE910D868}.Debug|x86.Build.0 = Debug|Any CPU
		{777F9AA2-CF7E-4557-9014-38EBE910D868}.Release|Any CPU.ActiveCfg = Release|Any CPU
		{777F9AA2-CF7E-4557-9014-38EBE910D868}.Release|Any CPU.Build.0 = Release|Any CPU
		{777F9AA2-CF7E-4557-9014-38EBE910D868}.Release|x64.ActiveCfg = Release|Any CPU
		{777F9AA2-CF7E-4557-9014-38EBE910D868}.Release|x64.Build.0 = Release|Any CPU
		{777F9AA2-CF7E-4557-9014-38EBE910D868}.Release|x86.ActiveCfg = Release|Any CPU
		{777F9AA2-CF7E-4557-9014-38EBE910D868}.Release|x86.Build.0 = Release|Any CPU
		{BA2F5B57-0497-4724-828D-D3CF6AEA2F86}.Debug|Any CPU.ActiveCfg = Debug|Any CPU
		{BA2F5B57-0497-4724-828D-D3CF6AEA2F86}.Debug|Any CPU.Build.0 = Debug|Any CPU
		{BA2F5B57-0497-4724-828D-D3CF6AEA2F86}.Debug|x64.ActiveCfg = Debug|Any CPU
		{BA2F5B57-0497-4724-828D-D3CF6AEA2F86}.Debug|x64.Build.0 = Debug|Any CPU
		{BA2F5B57-0497-4724-828D-D3CF6AEA2F86}.Debug|x86.ActiveCfg = Debug|Any CPU
		{BA2F5B57-0497-4724-828D-D3CF6AEA2F86}.Debug|x86.Build.0 = Debug|Any CPU
		{BA2F5B57-0497-4724-828D-D3CF6AEA2F86}.Release|Any CPU.ActiveCfg = Release|Any CPU
		{BA2F5B57-0497-4724-828D-D3CF6AEA2F86}.Release|Any CPU.Build.0 = Release|Any CPU
		{BA2F5B57-0497-4724-828D-D3CF6AEA2F86}.Release|x64.ActiveCfg = Release|Any CPU
		{BA2F5B57-0497-4724-828D-D3CF6AEA2F86}.Release|x64.Build.0 = Release|Any CPU
		{BA2F5B57-0497-4724-828D-D3CF6AEA2F86}.Release|x86.ActiveCfg = Release|Any CPU
		{BA2F5B57-0497-4724-828D-D3CF6AEA2F86}.Release|x86.Build.0 = Release|Any CPU
		{F992BFB1-9375-4EC4-819A-0A25550B177A}.Debug|Any CPU.ActiveCfg = Debug|Any CPU
		{F992BFB1-9375-4EC4-819A-0A25550B177A}.Debug|Any CPU.Build.0 = Debug|Any CPU
		{F992BFB1-9375-4EC4-819A-0A25550B177A}.Debug|x64.ActiveCfg = Debug|Any CPU
		{F992BFB1-9375-4EC4-819A-0A25550B177A}.Debug|x64.Build.0 = Debug|Any CPU
		{F992BFB1-9375-4EC4-819A-0A25550B177A}.Debug|x86.ActiveCfg = Debug|Any CPU
		{F992BFB1-9375-4EC4-819A-0A25550B177A}.Debug|x86.Build.0 = Debug|Any CPU
		{F992BFB1-9375-4EC4-819A-0A25550B177A}.Release|Any CPU.ActiveCfg = Release|Any CPU
		{F992BFB1-9375-4EC4-819A-0A25550B177A}.Release|Any CPU.Build.0 = Release|Any CPU
		{F992BFB1-9375-4EC4-819A-0A25550B177A}.Release|x64.ActiveCfg = Release|Any CPU
		{F992BFB1-9375-4EC4-819A-0A25550B177A}.Release|x64.Build.0 = Release|Any CPU
		{F992BFB1-9375-4EC4-819A-0A25550B177A}.Release|x86.ActiveCfg = Release|Any CPU
		{F992BFB1-9375-4EC4-819A-0A25550B177A}.Release|x86.Build.0 = Release|Any CPU
		{587B2401-F6D8-40F1-A4C4-93F5EF71B55A}.Debug|Any CPU.ActiveCfg = Debug|Any CPU
		{587B2401-F6D8-40F1-A4C4-93F5EF71B55A}.Debug|Any CPU.Build.0 = Debug|Any CPU
		{587B2401-F6D8-40F1-A4C4-93F5EF71B55A}.Debug|x64.ActiveCfg = Debug|Any CPU
		{587B2401-F6D8-40F1-A4C4-93F5EF71B55A}.Debug|x64.Build.0 = Debug|Any CPU
		{587B2401-F6D8-40F1-A4C4-93F5EF71B55A}.Debug|x86.ActiveCfg = Debug|Any CPU
		{587B2401-F6D8-40F1-A4C4-93F5EF71B55A}.Debug|x86.Build.0 = Debug|Any CPU
		{587B2401-F6D8-40F1-A4C4-93F5EF71B55A}.Release|Any CPU.ActiveCfg = Release|Any CPU
		{587B2401-F6D8-40F1-A4C4-93F5EF71B55A}.Release|Any CPU.Build.0 = Release|Any CPU
		{587B2401-F6D8-40F1-A4C4-93F5EF71B55A}.Release|x64.ActiveCfg = Release|Any CPU
		{587B2401-F6D8-40F1-A4C4-93F5EF71B55A}.Release|x64.Build.0 = Release|Any CPU
		{587B2401-F6D8-40F1-A4C4-93F5EF71B55A}.Release|x86.ActiveCfg = Release|Any CPU
		{587B2401-F6D8-40F1-A4C4-93F5EF71B55A}.Release|x86.Build.0 = Release|Any CPU
		{8DCE312E-FEF8-4740-843C-76C4F83EDCE4}.Debug|Any CPU.ActiveCfg = Debug|Any CPU
		{8DCE312E-FEF8-4740-843C-76C4F83EDCE4}.Debug|Any CPU.Build.0 = Debug|Any CPU
		{8DCE312E-FEF8-4740-843C-76C4F83EDCE4}.Debug|x64.ActiveCfg = Debug|Any CPU
		{8DCE312E-FEF8-4740-843C-76C4F83EDCE4}.Debug|x64.Build.0 = Debug|Any CPU
		{8DCE312E-FEF8-4740-843C-76C4F83EDCE4}.Debug|x86.ActiveCfg = Debug|Any CPU
		{8DCE312E-FEF8-4740-843C-76C4F83EDCE4}.Debug|x86.Build.0 = Debug|Any CPU
		{8DCE312E-FEF8-4740-843C-76C4F83EDCE4}.Release|Any CPU.ActiveCfg = Release|Any CPU
		{8DCE312E-FEF8-4740-843C-76C4F83EDCE4}.Release|Any CPU.Build.0 = Release|Any CPU
		{8DCE312E-FEF8-4740-843C-76C4F83EDCE4}.Release|x64.ActiveCfg = Release|Any CPU
		{8DCE312E-FEF8-4740-843C-76C4F83EDCE4}.Release|x64.Build.0 = Release|Any CPU
		{8DCE312E-FEF8-4740-843C-76C4F83EDCE4}.Release|x86.ActiveCfg = Release|Any CPU
		{8DCE312E-FEF8-4740-843C-76C4F83EDCE4}.Release|x86.Build.0 = Release|Any CPU
		{ED01349B-246A-490F-9ECB-CACC2BEAFB9C}.Debug|Any CPU.ActiveCfg = Debug|Any CPU
		{ED01349B-246A-490F-9ECB-CACC2BEAFB9C}.Debug|Any CPU.Build.0 = Debug|Any CPU
		{ED01349B-246A-490F-9ECB-CACC2BEAFB9C}.Debug|x64.ActiveCfg = Debug|Any CPU
		{ED01349B-246A-490F-9ECB-CACC2BEAFB9C}.Debug|x64.Build.0 = Debug|Any CPU
		{ED01349B-246A-490F-9ECB-CACC2BEAFB9C}.Debug|x86.ActiveCfg = Debug|Any CPU
		{ED01349B-246A-490F-9ECB-CACC2BEAFB9C}.Debug|x86.Build.0 = Debug|Any CPU
		{ED01349B-246A-490F-9ECB-CACC2BEAFB9C}.Release|Any CPU.ActiveCfg = Release|Any CPU
		{ED01349B-246A-490F-9ECB-CACC2BEAFB9C}.Release|Any CPU.Build.0 = Release|Any CPU
		{ED01349B-246A-490F-9ECB-CACC2BEAFB9C}.Release|x64.ActiveCfg = Release|Any CPU
		{ED01349B-246A-490F-9ECB-CACC2BEAFB9C}.Release|x64.Build.0 = Release|Any CPU
		{ED01349B-246A-490F-9ECB-CACC2BEAFB9C}.Release|x86.ActiveCfg = Release|Any CPU
		{ED01349B-246A-490F-9ECB-CACC2BEAFB9C}.Release|x86.Build.0 = Release|Any CPU
		{C7DDA7F9-12F9-42BD-AB70-724030218E64}.Debug|Any CPU.ActiveCfg = Debug|Any CPU
		{C7DDA7F9-12F9-42BD-AB70-724030218E64}.Debug|Any CPU.Build.0 = Debug|Any CPU
		{C7DDA7F9-12F9-42BD-AB70-724030218E64}.Debug|x64.ActiveCfg = Debug|Any CPU
		{C7DDA7F9-12F9-42BD-AB70-724030218E64}.Debug|x64.Build.0 = Debug|Any CPU
		{C7DDA7F9-12F9-42BD-AB70-724030218E64}.Debug|x86.ActiveCfg = Debug|Any CPU
		{C7DDA7F9-12F9-42BD-AB70-724030218E64}.Debug|x86.Build.0 = Debug|Any CPU
		{C7DDA7F9-12F9-42BD-AB70-724030218E64}.Release|Any CPU.ActiveCfg = Release|Any CPU
		{C7DDA7F9-12F9-42BD-AB70-724030218E64}.Release|Any CPU.Build.0 = Release|Any CPU
		{C7DDA7F9-12F9-42BD-AB70-724030218E64}.Release|x64.ActiveCfg = Release|Any CPU
		{C7DDA7F9-12F9-42BD-AB70-724030218E64}.Release|x64.Build.0 = Release|Any CPU
		{C7DDA7F9-12F9-42BD-AB70-724030218E64}.Release|x86.ActiveCfg = Release|Any CPU
		{C7DDA7F9-12F9-42BD-AB70-724030218E64}.Release|x86.Build.0 = Release|Any CPU
		{E00E7DF3-0282-4C31-A706-84E7C5960113}.Debug|Any CPU.ActiveCfg = Debug|Any CPU
		{E00E7DF3-0282-4C31-A706-84E7C5960113}.Debug|Any CPU.Build.0 = Debug|Any CPU
		{E00E7DF3-0282-4C31-A706-84E7C5960113}.Debug|x64.ActiveCfg = Debug|Any CPU
		{E00E7DF3-0282-4C31-A706-84E7C5960113}.Debug|x64.Build.0 = Debug|Any CPU
		{E00E7DF3-0282-4C31-A706-84E7C5960113}.Debug|x86.ActiveCfg = Debug|Any CPU
		{E00E7DF3-0282-4C31-A706-84E7C5960113}.Debug|x86.Build.0 = Debug|Any CPU
		{E00E7DF3-0282-4C31-A706-84E7C5960113}.Release|Any CPU.ActiveCfg = Release|Any CPU
		{E00E7DF3-0282-4C31-A706-84E7C5960113}.Release|Any CPU.Build.0 = Release|Any CPU
		{E00E7DF3-0282-4C31-A706-84E7C5960113}.Release|x64.ActiveCfg = Release|Any CPU
		{E00E7DF3-0282-4C31-A706-84E7C5960113}.Release|x64.Build.0 = Release|Any CPU
		{E00E7DF3-0282-4C31-A706-84E7C5960113}.Release|x86.ActiveCfg = Release|Any CPU
		{E00E7DF3-0282-4C31-A706-84E7C5960113}.Release|x86.Build.0 = Release|Any CPU
		{F1D1F75E-5E66-4FB1-9CD6-B64C28C20114}.Debug|Any CPU.ActiveCfg = Debug|Any CPU
		{F1D1F75E-5E66-4FB1-9CD6-B64C28C20114}.Debug|Any CPU.Build.0 = Debug|Any CPU
		{F1D1F75E-5E66-4FB1-9CD6-B64C28C20114}.Debug|x64.ActiveCfg = Debug|Any CPU
		{F1D1F75E-5E66-4FB1-9CD6-B64C28C20114}.Debug|x64.Build.0 = Debug|Any CPU
		{F1D1F75E-5E66-4FB1-9CD6-B64C28C20114}.Debug|x86.ActiveCfg = Debug|Any CPU
		{F1D1F75E-5E66-4FB1-9CD6-B64C28C20114}.Debug|x86.Build.0 = Debug|Any CPU
		{F1D1F75E-5E66-4FB1-9CD6-B64C28C20114}.Release|Any CPU.ActiveCfg = Release|Any CPU
		{F1D1F75E-5E66-4FB1-9CD6-B64C28C20114}.Release|Any CPU.Build.0 = Release|Any CPU
		{F1D1F75E-5E66-4FB1-9CD6-B64C28C20114}.Release|x64.ActiveCfg = Release|Any CPU
		{F1D1F75E-5E66-4FB1-9CD6-B64C28C20114}.Release|x64.Build.0 = Release|Any CPU
		{F1D1F75E-5E66-4FB1-9CD6-B64C28C20114}.Release|x86.ActiveCfg = Release|Any CPU
		{F1D1F75E-5E66-4FB1-9CD6-B64C28C20114}.Release|x86.Build.0 = Release|Any CPU
		{02F2A02F-C8CC-4BB7-8AC8-841AF6380115}.Debug|Any CPU.ActiveCfg = Debug|Any CPU
		{02F2A02F-C8CC-4BB7-8AC8-841AF6380115}.Debug|Any CPU.Build.0 = Debug|Any CPU
		{02F2A02F-C8CC-4BB7-8AC8-841AF6380115}.Debug|x64.ActiveCfg = Debug|Any CPU
		{02F2A02F-C8CC-4BB7-8AC8-841AF6380115}.Debug|x64.Build.0 = Debug|Any CPU
		{02F2A02F-C8CC-4BB7-8AC8-841AF6380115}.Debug|x86.ActiveCfg = Debug|Any CPU
		{02F2A02F-C8CC-4BB7-8AC8-841AF6380115}.Debug|x86.Build.0 = Debug|Any CPU
		{02F2A02F-C8CC-4BB7-8AC8-841AF6380115}.Release|Any CPU.ActiveCfg = Release|Any CPU
		{02F2A02F-C8CC-4BB7-8AC8-841AF6380115}.Release|Any CPU.Build.0 = Release|Any CPU
		{02F2A02F-C8CC-4BB7-8AC8-841AF6380115}.Release|x64.ActiveCfg = Release|Any CPU
		{02F2A02F-C8CC-4BB7-8AC8-841AF6380115}.Release|x64.Build.0 = Release|Any CPU
		{02F2A02F-C8CC-4BB7-8AC8-841AF6380115}.Release|x86.ActiveCfg = Release|Any CPU
		{02F2A02F-C8CC-4BB7-8AC8-841AF6380115}.Release|x86.Build.0 = Release|Any CPU
		{13A3B130-1696-49E7-91D4-95E12E220116}.Debug|Any CPU.ActiveCfg = Debug|Any CPU
		{13A3B130-1696-49E7-91D4-95E12E220116}.Debug|Any CPU.Build.0 = Debug|Any CPU
		{13A3B130-1696-49E7-91D4-95E12E220116}.Debug|x64.ActiveCfg = Debug|Any CPU
		{13A3B130-1696-49E7-91D4-95E12E220116}.Debug|x64.Build.0 = Debug|Any CPU
		{13A3B130-1696-49E7-91D4-95E12E220116}.Debug|x86.ActiveCfg = Debug|Any CPU
		{13A3B130-1696-49E7-91D4-95E12E220116}.Debug|x86.Build.0 = Debug|Any CPU
		{13A3B130-1696-49E7-91D4-95E12E220116}.Release|Any CPU.ActiveCfg = Release|Any CPU
		{13A3B130-1696-49E7-91D4-95E12E220116}.Release|Any CPU.Build.0 = Release|Any CPU
		{13A3B130-1696-49E7-91D4-95E12E220116}.Release|x64.ActiveCfg = Release|Any CPU
		{13A3B130-1696-49E7-91D4-95E12E220116}.Release|x64.Build.0 = Release|Any CPU
		{13A3B130-1696-49E7-91D4-95E12E220116}.Release|x86.ActiveCfg = Release|Any CPU
		{13A3B130-1696-49E7-91D4-95E12E220116}.Release|x86.Build.0 = Release|Any CPU
		{4AFDAC3D-9762-42AC-88FD-A4BE329B1472}.Debug|Any CPU.ActiveCfg = Debug|Any CPU
		{4AFDAC3D-9762-42AC-88FD-A4BE329B1472}.Debug|Any CPU.Build.0 = Debug|Any CPU
		{4AFDAC3D-9762-42AC-88FD-A4BE329B1472}.Debug|x64.ActiveCfg = Debug|Any CPU
		{4AFDAC3D-9762-42AC-88FD-A4BE329B1472}.Debug|x64.Build.0 = Debug|Any CPU
		{4AFDAC3D-9762-42AC-88FD-A4BE329B1472}.Debug|x86.ActiveCfg = Debug|Any CPU
		{4AFDAC3D-9762-42AC-88FD-A4BE329B1472}.Debug|x86.Build.0 = Debug|Any CPU
		{4AFDAC3D-9762-42AC-88FD-A4BE329B1472}.Release|Any CPU.ActiveCfg = Release|Any CPU
		{4AFDAC3D-9762-42AC-88FD-A4BE329B1472}.Release|Any CPU.Build.0 = Release|Any CPU
		{4AFDAC3D-9762-42AC-88FD-A4BE329B1472}.Release|x64.ActiveCfg = Release|Any CPU
		{4AFDAC3D-9762-42AC-88FD-A4BE329B1472}.Release|x64.Build.0 = Release|Any CPU
		{4AFDAC3D-9762-42AC-88FD-A4BE329B1472}.Release|x86.ActiveCfg = Release|Any CPU
		{4AFDAC3D-9762-42AC-88FD-A4BE329B1472}.Release|x86.Build.0 = Release|Any CPU
		{39BE9E30-0E43-42F2-ACA7-9A6668AFF7F6}.Debug|Any CPU.ActiveCfg = Debug|Any CPU
		{39BE9E30-0E43-42F2-ACA7-9A6668AFF7F6}.Debug|Any CPU.Build.0 = Debug|Any CPU
		{39BE9E30-0E43-42F2-ACA7-9A6668AFF7F6}.Debug|x64.ActiveCfg = Debug|Any CPU
		{39BE9E30-0E43-42F2-ACA7-9A6668AFF7F6}.Debug|x64.Build.0 = Debug|Any CPU
		{39BE9E30-0E43-42F2-ACA7-9A6668AFF7F6}.Debug|x86.ActiveCfg = Debug|Any CPU
		{39BE9E30-0E43-42F2-ACA7-9A6668AFF7F6}.Debug|x86.Build.0 = Debug|Any CPU
		{39BE9E30-0E43-42F2-ACA7-9A6668AFF7F6}.Release|Any CPU.ActiveCfg = Release|Any CPU
		{39BE9E30-0E43-42F2-ACA7-9A6668AFF7F6}.Release|Any CPU.Build.0 = Release|Any CPU
		{39BE9E30-0E43-42F2-ACA7-9A6668AFF7F6}.Release|x64.ActiveCfg = Release|Any CPU
		{39BE9E30-0E43-42F2-ACA7-9A6668AFF7F6}.Release|x64.Build.0 = Release|Any CPU
		{39BE9E30-0E43-42F2-ACA7-9A6668AFF7F6}.Release|x86.ActiveCfg = Release|Any CPU
		{39BE9E30-0E43-42F2-ACA7-9A6668AFF7F6}.Release|x86.Build.0 = Release|Any CPU
		{24B4C241-A1F6-4574-A9C1-7E385B620117}.Debug|Any CPU.ActiveCfg = Debug|Any CPU
		{24B4C241-A1F6-4574-A9C1-7E385B620117}.Debug|Any CPU.Build.0 = Debug|Any CPU
		{24B4C241-A1F6-4574-A9C1-7E385B620117}.Debug|x64.ActiveCfg = Debug|Any CPU
		{24B4C241-A1F6-4574-A9C1-7E385B620117}.Debug|x64.Build.0 = Debug|Any CPU
		{24B4C241-A1F6-4574-A9C1-7E385B620117}.Debug|x86.ActiveCfg = Debug|Any CPU
		{24B4C241-A1F6-4574-A9C1-7E385B620117}.Debug|x86.Build.0 = Debug|Any CPU
		{24B4C241-A1F6-4574-A9C1-7E385B620117}.Release|Any CPU.ActiveCfg = Release|Any CPU
		{24B4C241-A1F6-4574-A9C1-7E385B620117}.Release|Any CPU.Build.0 = Release|Any CPU
		{24B4C241-A1F6-4574-A9C1-7E385B620117}.Release|x64.ActiveCfg = Release|Any CPU
		{24B4C241-A1F6-4574-A9C1-7E385B620117}.Release|x64.Build.0 = Release|Any CPU
		{24B4C241-A1F6-4574-A9C1-7E385B620117}.Release|x86.ActiveCfg = Release|Any CPU
		{24B4C241-A1F6-4574-A9C1-7E385B620117}.Release|x86.Build.0 = Release|Any CPU
		{35C5D352-B2F7-4F9C-BAD2-8F497B730118}.Debug|Any CPU.ActiveCfg = Debug|Any CPU
		{35C5D352-B2F7-4F9C-BAD2-8F497B730118}.Debug|Any CPU.Build.0 = Debug|Any CPU
		{35C5D352-B2F7-4F9C-BAD2-8F497B730118}.Debug|x64.ActiveCfg = Debug|Any CPU
		{35C5D352-B2F7-4F9C-BAD2-8F497B730118}.Debug|x64.Build.0 = Debug|Any CPU
		{35C5D352-B2F7-4F9C-BAD2-8F497B730118}.Debug|x86.ActiveCfg = Debug|Any CPU
		{35C5D352-B2F7-4F9C-BAD2-8F497B730118}.Debug|x86.Build.0 = Debug|Any CPU
		{35C5D352-B2F7-4F9C-BAD2-8F497B730118}.Release|Any CPU.ActiveCfg = Release|Any CPU
		{35C5D352-B2F7-4F9C-BAD2-8F497B730118}.Release|Any CPU.Build.0 = Release|Any CPU
		{35C5D352-B2F7-4F9C-BAD2-8F497B730118}.Release|x64.ActiveCfg = Release|Any CPU
		{35C5D352-B2F7-4F9C-BAD2-8F497B730118}.Release|x64.Build.0 = Release|Any CPU
		{35C5D352-B2F7-4F9C-BAD2-8F497B730118}.Release|x86.ActiveCfg = Release|Any CPU
		{35C5D352-B2F7-4F9C-BAD2-8F497B730118}.Release|x86.Build.0 = Release|Any CPU
		{46D6E463-C308-4FA7-8BD3-9A508C840119}.Debug|Any CPU.ActiveCfg = Debug|Any CPU
		{46D6E463-C308-4FA7-8BD3-9A508C840119}.Debug|Any CPU.Build.0 = Debug|Any CPU
		{46D6E463-C308-4FA7-8BD3-9A508C840119}.Debug|x64.ActiveCfg = Debug|Any CPU
		{46D6E463-C308-4FA7-8BD3-9A508C840119}.Debug|x64.Build.0 = Debug|Any CPU
		{46D6E463-C308-4FA7-8BD3-9A508C840119}.Debug|x86.ActiveCfg = Debug|Any CPU
		{46D6E463-C308-4FA7-8BD3-9A508C840119}.Debug|x86.Build.0 = Debug|Any CPU
		{46D6E463-C308-4FA7-8BD3-9A508C840119}.Release|Any CPU.ActiveCfg = Release|Any CPU
		{46D6E463-C308-4FA7-8BD3-9A508C840119}.Release|Any CPU.Build.0 = Release|Any CPU
		{46D6E463-C308-4FA7-8BD3-9A508C840119}.Release|x64.ActiveCfg = Release|Any CPU
		{46D6E463-C308-4FA7-8BD3-9A508C840119}.Release|x64.Build.0 = Release|Any CPU
		{46D6E463-C308-4FA7-8BD3-9A508C840119}.Release|x86.ActiveCfg = Release|Any CPU
		{46D6E463-C308-4FA7-8BD3-9A508C840119}.Release|x86.Build.0 = Release|Any CPU
		{14A3B130-1696-49E7-91D4-95E12E220116}.Debug|Any CPU.ActiveCfg = Debug|Any CPU
		{14A3B130-1696-49E7-91D4-95E12E220116}.Debug|Any CPU.Build.0 = Debug|Any CPU
		{14A3B130-1696-49E7-91D4-95E12E220116}.Debug|x64.ActiveCfg = Debug|Any CPU
		{14A3B130-1696-49E7-91D4-95E12E220116}.Debug|x64.Build.0 = Debug|Any CPU
		{14A3B130-1696-49E7-91D4-95E12E220116}.Debug|x86.ActiveCfg = Debug|Any CPU
		{14A3B130-1696-49E7-91D4-95E12E220116}.Debug|x86.Build.0 = Debug|Any CPU
		{14A3B130-1696-49E7-91D4-95E12E220116}.Release|Any CPU.ActiveCfg = Release|Any CPU
		{14A3B130-1696-49E7-91D4-95E12E220116}.Release|Any CPU.Build.0 = Release|Any CPU
		{14A3B130-1696-49E7-91D4-95E12E220116}.Release|x64.ActiveCfg = Release|Any CPU
		{14A3B130-1696-49E7-91D4-95E12E220116}.Release|x64.Build.0 = Release|Any CPU
		{14A3B130-1696-49E7-91D4-95E12E220116}.Release|x86.ActiveCfg = Release|Any CPU
		{14A3B130-1696-49E7-91D4-95E12E220116}.Release|x86.Build.0 = Release|Any CPU
		{15A3B130-1696-49E7-91D4-95E12E220116}.Debug|Any CPU.ActiveCfg = Debug|Any CPU
		{15A3B130-1696-49E7-91D4-95E12E220116}.Debug|Any CPU.Build.0 = Debug|Any CPU
		{15A3B130-1696-49E7-91D4-95E12E220116}.Debug|x64.ActiveCfg = Debug|Any CPU
		{15A3B130-1696-49E7-91D4-95E12E220116}.Debug|x64.Build.0 = Debug|Any CPU
		{15A3B130-1696-49E7-91D4-95E12E220116}.Debug|x86.ActiveCfg = Debug|Any CPU
		{15A3B130-1696-49E7-91D4-95E12E220116}.Debug|x86.Build.0 = Debug|Any CPU
		{15A3B130-1696-49E7-91D4-95E12E220116}.Release|Any CPU.ActiveCfg = Release|Any CPU
		{15A3B130-1696-49E7-91D4-95E12E220116}.Release|Any CPU.Build.0 = Release|Any CPU
		{15A3B130-1696-49E7-91D4-95E12E220116}.Release|x64.ActiveCfg = Release|Any CPU
		{15A3B130-1696-49E7-91D4-95E12E220116}.Release|x64.Build.0 = Release|Any CPU
		{15A3B130-1696-49E7-91D4-95E12E220116}.Release|x86.ActiveCfg = Release|Any CPU
		{15A3B130-1696-49E7-91D4-95E12E220116}.Release|x86.Build.0 = Release|Any CPU
		{56D6E463-C308-4FA7-8BD3-9A508C840119}.Debug|Any CPU.ActiveCfg = Debug|Any CPU
		{56D6E463-C308-4FA7-8BD3-9A508C840119}.Debug|Any CPU.Build.0 = Debug|Any CPU
		{56D6E463-C308-4FA7-8BD3-9A508C840119}.Debug|x64.ActiveCfg = Debug|Any CPU
		{56D6E463-C308-4FA7-8BD3-9A508C840119}.Debug|x64.Build.0 = Debug|Any CPU
		{56D6E463-C308-4FA7-8BD3-9A508C840119}.Debug|x86.ActiveCfg = Debug|Any CPU
		{56D6E463-C308-4FA7-8BD3-9A508C840119}.Debug|x86.Build.0 = Debug|Any CPU
		{56D6E463-C308-4FA7-8BD3-9A508C840119}.Release|Any CPU.ActiveCfg = Release|Any CPU
		{56D6E463-C308-4FA7-8BD3-9A508C840119}.Release|Any CPU.Build.0 = Release|Any CPU
		{56D6E463-C308-4FA7-8BD3-9A508C840119}.Release|x64.ActiveCfg = Release|Any CPU
		{56D6E463-C308-4FA7-8BD3-9A508C840119}.Release|x64.Build.0 = Release|Any CPU
		{56D6E463-C308-4FA7-8BD3-9A508C840119}.Release|x86.ActiveCfg = Release|Any CPU
		{56D6E463-C308-4FA7-8BD3-9A508C840119}.Release|x86.Build.0 = Release|Any CPU
		{25B4C241-A1F6-4574-A9C1-7E385B620117}.Debug|Any CPU.ActiveCfg = Debug|Any CPU
		{25B4C241-A1F6-4574-A9C1-7E385B620117}.Debug|Any CPU.Build.0 = Debug|Any CPU
		{25B4C241-A1F6-4574-A9C1-7E385B620117}.Debug|x64.ActiveCfg = Debug|Any CPU
		{25B4C241-A1F6-4574-A9C1-7E385B620117}.Debug|x64.Build.0 = Debug|Any CPU
		{25B4C241-A1F6-4574-A9C1-7E385B620117}.Debug|x86.ActiveCfg = Debug|Any CPU
		{25B4C241-A1F6-4574-A9C1-7E385B620117}.Debug|x86.Build.0 = Debug|Any CPU
		{25B4C241-A1F6-4574-A9C1-7E385B620117}.Release|Any CPU.ActiveCfg = Release|Any CPU
		{25B4C241-A1F6-4574-A9C1-7E385B620117}.Release|Any CPU.Build.0 = Release|Any CPU
		{25B4C241-A1F6-4574-A9C1-7E385B620117}.Release|x64.ActiveCfg = Release|Any CPU
		{25B4C241-A1F6-4574-A9C1-7E385B620117}.Release|x64.Build.0 = Release|Any CPU
		{25B4C241-A1F6-4574-A9C1-7E385B620117}.Release|x86.ActiveCfg = Release|Any CPU
		{25B4C241-A1F6-4574-A9C1-7E385B620117}.Release|x86.Build.0 = Release|Any CPU
	EndGlobalSection
	GlobalSection(SolutionProperties) = preSolution
		HideSolutionNode = FALSE
	EndGlobalSection
	GlobalSection(NestedProjects) = preSolution
		{90298CBA-BD6F-3A0A-69D5-97CAD7B05E7E} = {827E0CD3-B72D-47B6-A68D-7590B98EB39B}
		{7CE1C4D1-D5D3-48FB-8209-778F9CEA7776} = {90298CBA-BD6F-3A0A-69D5-97CAD7B05E7E}
		{39844084-C4B9-41D8-8755-F6B3FD1E7176} = {90298CBA-BD6F-3A0A-69D5-97CAD7B05E7E}
		{35C5D352-B2F7-4F9C-BAD2-8F497B730118} = {90298CBA-BD6F-3A0A-69D5-97CAD7B05E7E}
		{46D6E463-C308-4FA7-8BD3-9A508C840119} = {90298CBA-BD6F-3A0A-69D5-97CAD7B05E7E}
		{56D6E463-C308-4FA7-8BD3-9A508C840119} = {90298CBA-BD6F-3A0A-69D5-97CAD7B05E7E}
		{EC447DCF-ABFA-6E24-52A5-D7FD48A5C558} = {827E0CD3-B72D-47B6-A68D-7590B98EB39B}
		{FC1241EE-05BC-A834-C4D6-CF23B2CE0BA3} = {EC447DCF-ABFA-6E24-52A5-D7FD48A5C558}
		{4D3B1669-375F-9313-0BDE-538A9A0E54FF} = {FC1241EE-05BC-A834-C4D6-CF23B2CE0BA3}
		{4342FE8C-20DE-4881-BFA7-8A42D75B8143} = {4D3B1669-375F-9313-0BDE-538A9A0E54FF}
		{64C7A262-C407-4F5D-9F2C-206AD48CAC3C} = {4D3B1669-375F-9313-0BDE-538A9A0E54FF}
		{A3429D16-94F9-550C-9BF7-6EFC15C51BB5} = {FC1241EE-05BC-A834-C4D6-CF23B2CE0BA3}
		{5DEA45A2-2679-446C-B779-FD7A9FBC9A63} = {A3429D16-94F9-550C-9BF7-6EFC15C51BB5}
		{BAD49064-7FC9-402F-BCC2-737228285E9A} = {A3429D16-94F9-550C-9BF7-6EFC15C51BB5}
		{E1F1D38E-4DA4-46AC-99B8-8CA45F5C3434} = {A3429D16-94F9-550C-9BF7-6EFC15C51BB5}
		{96A2ED62-40B2-0097-1C0D-E658DBFC8105} = {FC1241EE-05BC-A834-C4D6-CF23B2CE0BA3}
		{0431B829-848C-4B64-A086-58760332F6A6} = {96A2ED62-40B2-0097-1C0D-E658DBFC8105}
		{1E1EF545-4C18-AEE2-B997-7EF431518D3F} = {EC447DCF-ABFA-6E24-52A5-D7FD48A5C558}
		{3C15B00A-3336-86F7-C1F9-9587391846ED} = {1E1EF545-4C18-AEE2-B997-7EF431518D3F}
		{30D510A4-760A-46CC-83EA-A8E0ECDB258C} = {3C15B00A-3336-86F7-C1F9-9587391846ED}
		{93A4CB51-1101-4693-A064-FFEB3C5DAD79} = {3C15B00A-3336-86F7-C1F9-9587391846ED}
		{5D2A3554-A419-883D-F529-22A9BA4E4E59} = {1E1EF545-4C18-AEE2-B997-7EF431518D3F}
		{C0102B98-5748-4A7A-8E58-5D3AF02D5C35} = {5D2A3554-A419-883D-F529-22A9BA4E4E59}
		{61A5EFF2-4D12-1D34-5E80-72D77D91C4D3} = {1E1EF545-4C18-AEE2-B997-7EF431518D3F}
		{99596EC5-2167-469D-8ABE-2742492820AE} = {61A5EFF2-4D12-1D34-5E80-72D77D91C4D3}
		{1652FDBE-FD70-10D2-8806-7EAA51A58284} = {EC447DCF-ABFA-6E24-52A5-D7FD48A5C558}
		{F60B531D-8382-D38D-7FFF-81F3FFB3C6EB} = {1652FDBE-FD70-10D2-8806-7EAA51A58284}
		{1C93C32A-176C-42D4-9985-B0C2315E1790} = {F60B531D-8382-D38D-7FFF-81F3FFB3C6EB}
		{AEDA72A4-A588-45A7-B741-0810FC64E083} = {F60B531D-8382-D38D-7FFF-81F3FFB3C6EB}
		{4C22196C-A124-B67D-4FFA-0B1295660F8A} = {1652FDBE-FD70-10D2-8806-7EAA51A58284}
		{777F9AA2-CF7E-4557-9014-38EBE910D868} = {4C22196C-A124-B67D-4FFA-0B1295660F8A}
		{90B6E14C-48C4-BE32-2E4C-53A2D929F5E4} = {1652FDBE-FD70-10D2-8806-7EAA51A58284}
		{BA2F5B57-0497-4724-828D-D3CF6AEA2F86} = {90B6E14C-48C4-BE32-2E4C-53A2D929F5E4}
		{3482A603-7AEB-377F-9DA5-9757A465DBE8} = {EC447DCF-ABFA-6E24-52A5-D7FD48A5C558}
		{66FB750D-4D9E-A118-1DDF-FD37474F0E17} = {3482A603-7AEB-377F-9DA5-9757A465DBE8}
		{F992BFB1-9375-4EC4-819A-0A25550B177A} = {66FB750D-4D9E-A118-1DDF-FD37474F0E17}
		{587B2401-F6D8-40F1-A4C4-93F5EF71B55A} = {66FB750D-4D9E-A118-1DDF-FD37474F0E17}
		{36B022D3-EF59-C00C-DD97-84DF89ECA623} = {3482A603-7AEB-377F-9DA5-9757A465DBE8}
		{8DCE312E-FEF8-4740-843C-76C4F83EDCE4} = {36B022D3-EF59-C00C-DD97-84DF89ECA623}
		{10BE9350-2E4A-2458-7515-7C2BA8B0D8F2} = {3482A603-7AEB-377F-9DA5-9757A465DBE8}
		{ED01349B-246A-490F-9ECB-CACC2BEAFB9C} = {10BE9350-2E4A-2458-7515-7C2BA8B0D8F2}
		{C7DDA7F9-12F9-42BD-AB70-724030218E64} = {827E0CD3-B72D-47B6-A68D-7590B98EB39B}
		{D6B60970-63B3-4FA9-9BA0-CBE65B00A101} = {827E0CD3-B72D-47B6-A68D-7590B98EB39B}
		{21A5FA11-6B3B-46F4-860F-6391F73C0A12} = {D6B60970-63B3-4FA9-9BA0-CBE65B00A101}
		{E00E7DF3-0282-4C31-A706-84E7C5960113} = {21A5FA11-6B3B-46F4-860F-6391F73C0A12}
		{F1D1F75E-5E66-4FB1-9CD6-B64C28C20114} = {21A5FA11-6B3B-46F4-860F-6391F73C0A12}
		{02F2A02F-C8CC-4BB7-8AC8-841AF6380115} = {21A5FA11-6B3B-46F4-860F-6391F73C0A12}
		{13A3B130-1696-49E7-91D4-95E12E220116} = {21A5FA11-6B3B-46F4-860F-6391F73C0A12}
		{31A5FA11-6B3B-46F4-860F-6391F73C0A12} = {D6B60970-63B3-4FA9-9BA0-CBE65B00A101}
		{14A3B130-1696-49E7-91D4-95E12E220116} = {31A5FA11-6B3B-46F4-860F-6391F73C0A12}
		{15A3B130-1696-49E7-91D4-95E12E220116} = {827E0CD3-B72D-47B6-A68D-7590B98EB39B}
		{4AFDAC3D-9762-42AC-88FD-A4BE329B1472} = {0AB3BF05-4346-4AA6-1389-037BE0695223}
		{39BE9E30-0E43-42F2-ACA7-9A6668AFF7F6} = {0AB3BF05-4346-4AA6-1389-037BE0695223}
		{24B4C241-A1F6-4574-A9C1-7E385B620117} = {0AB3BF05-4346-4AA6-1389-037BE0695223}
		{25B4C241-A1F6-4574-A9C1-7E385B620117} = {0AB3BF05-4346-4AA6-1389-037BE0695223}
	EndGlobalSection
EndGlobal
